<?xml version="1.0" encoding="utf-8"?>
<Project ToolsVersion="4.0" xmlns="http://schemas.microsoft.com/developer/msbuild/2003">
  <ItemGroup>
    <Filter Include="Math">
      <UniqueIdentifier>{c89b6daf-0bd6-415f-a5b5-500a49e66ba9}</UniqueIdentifier>
    </Filter>
    <Filter Include="Misc">
      <UniqueIdentifier>{cad76e51-6bb7-47f0-b4b9-2e2fb90c7979}</UniqueIdentifier>
    </Filter>
    <Filter Include="Graphics">
      <UniqueIdentifier>{bcb9a013-d26f-41b0-ae92-0397c892b61f}</UniqueIdentifier>
    </Filter>
    <Filter Include="Graphics\Helper">
      <UniqueIdentifier>{36018d98-77ee-47c9-9b83-c13785f13bef}</UniqueIdentifier>
    </Filter>
    <Filter Include="Graphics\DataStructure">
      <UniqueIdentifier>{2f190f5e-03a8-460a-972f-2d972429ea5d}</UniqueIdentifier>
    </Filter>
    <Filter Include="Demo">
      <UniqueIdentifier>{72b5f4fe-c8a4-44ba-a763-db69c08c4366}</UniqueIdentifier>
    </Filter>
    <Filter Include="Demo\Shaders">
      <UniqueIdentifier>{7f4c450a-64d2-41ef-8a89-c83d88f03fc0}</UniqueIdentifier>
    </Filter>
    <Filter Include="Libs">
      <UniqueIdentifier>{e9fb1e79-40d2-4a56-b15a-bd19280400a0}</UniqueIdentifier>
    </Filter>
    <Filter Include="Demo\Scenes">
      <UniqueIdentifier>{3de5fb0c-2099-4033-a30c-6c8336fb5eae}</UniqueIdentifier>
    </Filter>
    <Filter Include="Entity">
      <UniqueIdentifier>{7b581f09-419f-49e1-94c8-07f1722e2c1b}</UniqueIdentifier>
    </Filter>
    <Filter Include="Graphics\Shaders">
      <UniqueIdentifier>{85614c1b-38ed-437a-8ec6-b183f7e4edc9}</UniqueIdentifier>
    </Filter>
    <Filter Include="Graphics\Textures">
      <UniqueIdentifier>{16152a20-dbde-4d8b-bcd2-308e18bfc0c3}</UniqueIdentifier>
    </Filter>
    <Filter Include="Resource">
      <UniqueIdentifier>{f430dafb-a467-4f2a-b103-802dfeed2f9d}</UniqueIdentifier>
    </Filter>
  </ItemGroup>
  <ItemGroup>
    <ClCompile Include="Code\Math\Matrix4x4.cpp">
      <Filter>Math</Filter>
    </ClCompile>
    <ClCompile Include="Code\Math\Math.cpp">
      <Filter>Math</Filter>
    </ClCompile>
    <ClCompile Include="Code\Math\Vector2.cpp">
      <Filter>Math</Filter>
    </ClCompile>
    <ClCompile Include="Code\Graphics\Helper\LineDrawing.cpp">
      <Filter>Graphics\Helper</Filter>
    </ClCompile>
    <ClCompile Include="Code\Graphics\Drawing.cpp">
      <Filter>Graphics</Filter>
    </ClCompile>
    <ClCompile Include="Code\Graphics\DataStructure\Color.cpp">
      <Filter>Graphics\DataStructure</Filter>
    </ClCompile>
    <ClCompile Include="Code\Math\Vector4.cpp">
      <Filter>Math</Filter>
    </ClCompile>
    <ClCompile Include="Code\Libs\stb_image.cpp">
      <Filter>Libs</Filter>
    </ClCompile>
    <ClCompile Include="Code\MainWin32.cpp" />
    <ClCompile Include="Code\Managers\Context.cpp" />
    <ClCompile Include="Code\Graphics\DataStructure\BufferObject.cpp">
      <Filter>Graphics\DataStructure</Filter>
    </ClCompile>
    <ClCompile Include="Code\Entity\Transform.cpp">
      <Filter>Entity</Filter>
    </ClCompile>
    <ClCompile Include="Code\Graphics\Shaders\ShaderProgram.cpp">
      <Filter>Graphics\Shaders</Filter>
    </ClCompile>
    <ClCompile Include="Code\Graphics\Helper\TriangleDrawing.cpp">
      <Filter>Graphics\Helper</Filter>
    </ClCompile>
    <ClCompile Include="Code\Graphics\Textures\Texture2D.cpp">
      <Filter>Graphics\Textures</Filter>
    </ClCompile>
  </ItemGroup>
  <ItemGroup>
    <ClInclude Include="Code\Math\Matrix4x4.h">
      <Filter>Math</Filter>
    </ClInclude>
    <ClInclude Include="Code\Misc\Settings.h">
      <Filter>Misc</Filter>
    </ClInclude>
    <ClInclude Include="Code\Misc\Defines.h">
      <Filter>Misc</Filter>
    </ClInclude>
    <ClInclude Include="Code\Math\Vector2.h">
      <Filter>Math</Filter>
    </ClInclude>
    <ClInclude Include="Code\GameMain.h" />
    <ClInclude Include="Code\Math\Math.h">
      <Filter>Math</Filter>
    </ClInclude>
    <ClInclude Include="Code\Misc\Tools.h">
      <Filter>Misc</Filter>
    </ClInclude>
    <ClInclude Include="Code\Graphics\Helper\LineDrawing.h">
      <Filter>Graphics\Helper</Filter>
    </ClInclude>
    <ClInclude Include="Code\Graphics\Drawing.h">
      <Filter>Graphics</Filter>
    </ClInclude>
    <ClInclude Include="Code\Graphics\DataStructure\Color.h">
      <Filter>Graphics\DataStructure</Filter>
    </ClInclude>
    <ClInclude Include="Code\Graphics\DataStructure\Light.h">
      <Filter>Graphics\DataStructure</Filter>
    </ClInclude>
    <ClInclude Include="Code\Misc\RenderState.h">
      <Filter>Misc</Filter>
    </ClInclude>
    <ClInclude Include="Code\Graphics\DataStructure\ColorBuffer.h">
      <Filter>Graphics\DataStructure</Filter>
    </ClInclude>
    <ClInclude Include="Code\Graphics\DataStructure\Camera.h">
      <Filter>Graphics\DataStructure</Filter>
    </ClInclude>
    <ClInclude Include="Code\Demo\DemoData.h">
      <Filter>Demo</Filter>
    </ClInclude>
    <ClInclude Include="Code\Demo\Shaders\PureColorShader.h">
      <Filter>Demo\Shaders</Filter>
    </ClInclude>
    <ClInclude Include="Code\Graphics\DataStructure\BufferBase.h">
      <Filter>Graphics\DataStructure</Filter>
    </ClInclude>
    <ClInclude Include="Code\Math\Vector4.h">
      <Filter>Math</Filter>
    </ClInclude>
    <ClInclude Include="Code\Libs\stb_image.h">
      <Filter>Libs</Filter>
    </ClInclude>
    <ClInclude Include="Code\Demo\Shaders\DiffuseShader.h">
      <Filter>Demo\Shaders</Filter>
    </ClInclude>
    <ClInclude Include="Code\Demo\Shaders\UnlitTexShader.h">
      <Filter>Demo\Shaders</Filter>
    </ClInclude>
    <ClInclude Include="Code\Demo\Shaders\AlphaTestShader.h">
      <Filter>Demo\Shaders</Filter>
    </ClInclude>
    <ClInclude Include="Code\Managers\Context.h" />
    <ClInclude Include="Code\Demo\Scenes\AlphaBlendScene.h">
      <Filter>Demo\Scenes</Filter>
    </ClInclude>
    <ClInclude Include="Code\Demo\Scenes\AlphaTestScene.h">
      <Filter>Demo\Scenes</Filter>
    </ClInclude>
    <ClInclude Include="Code\Demo\Scenes\DemoScene.h">
      <Filter>Demo\Scenes</Filter>
    </ClInclude>
    <ClInclude Include="Code\Demo\Scenes\DiffuseScene.h">
      <Filter>Demo\Scenes</Filter>
    </ClInclude>
    <ClInclude Include="Code\Demo\Shaders\AlphaBlendShader.h">
      <Filter>Demo\Shaders</Filter>
    </ClInclude>
    <ClInclude Include="Code\Graphics\DataStructure\BufferObject.h">
      <Filter>Graphics\DataStructure</Filter>
    </ClInclude>
    <ClInclude Include="Code\Graphics\DataStructure\DepthBuffer.h">
      <Filter>Graphics\DataStructure</Filter>
    </ClInclude>
    <ClInclude Include="Code\Demo\Shaders\ScreenQuadShader.h">
      <Filter>Demo\Shaders</Filter>
    </ClInclude>
    <ClInclude Include="Code\Graphics\DataStructure\StencilBuffer.h">
      <Filter>Graphics\DataStructure</Filter>
    </ClInclude>
    <ClInclude Include="Code\Demo\Scenes\StencilTestScene.h">
      <Filter>Demo\Scenes</Filter>
    </ClInclude>
    <ClInclude Include="Code\Demo\Scenes\TextureWrapScene.h">
      <Filter>Demo\Scenes</Filter>
    </ClInclude>
    <ClInclude Include="Code\Demo\Shaders\PartScreenQuadShader.h">
      <Filter>Demo\Shaders</Filter>
    </ClInclude>
    <ClInclude Include="Code\Demo\Scenes\MipmapScene.h">
      <Filter>Demo\Scenes</Filter>
    </ClInclude>
    <ClInclude Include="Code\Entity\Transform.h">
      <Filter>Entity</Filter>
    </ClInclude>
    <ClInclude Include="Code\Math\Quaternion.h">
      <Filter>Math</Filter>
    </ClInclude>
    <ClInclude Include="Code\Demo\Scenes\TestScene.h">
      <Filter>Demo\Scenes</Filter>
    </ClInclude>
    <ClInclude Include="Code\Math\TemplateVector.h">
      <Filter>Math</Filter>
    </ClInclude>
    <ClInclude Include="Code\Graphics\Shaders\FragmentShader.h">
      <Filter>Graphics\Shaders</Filter>
    </ClInclude>
    <ClInclude Include="Code\Graphics\Shaders\ShaderProgram.h">
      <Filter>Graphics\Shaders</Filter>
    </ClInclude>
    <ClInclude Include="Code\Graphics\Shaders\Vertex.h">
      <Filter>Graphics\Shaders</Filter>
    </ClInclude>
    <ClInclude Include="Code\Graphics\Shaders\VertexShader.h">
      <Filter>Graphics\Shaders</Filter>
    </ClInclude>
    <ClInclude Include="Code\Graphics\Helper\TriangleDrawing.h">
      <Filter>Graphics\Helper</Filter>
    </ClInclude>
    <ClInclude Include="Code\Graphics\Shaders\BaseShader.h">
      <Filter>Graphics\Shaders</Filter>
    </ClInclude>
    <ClInclude Include="Code\Graphics\Textures\Texture2D.h">
      <Filter>Graphics\Textures</Filter>
    </ClInclude>
    <ClInclude Include="Code\Graphics\Textures\Texture2DArray.h">
      <Filter>Graphics\Textures</Filter>
    </ClInclude>
    <ClInclude Include="Code\Graphics\Textures\Texture3D.h">
      <Filter>Graphics\Textures</Filter>
    </ClInclude>
    <ClInclude Include="Code\Graphics\Textures\TextureCubeMap.h">
      <Filter>Graphics\Textures</Filter>
    </ClInclude>
    <ClInclude Include="Code\Graphics\Textures\Texture.h">
      <Filter>Graphics\Textures</Filter>
    </ClInclude>
    <ClInclude Include="Code\Resource\TGALoader.h">
      <Filter>Resource</Filter>
    </ClInclude>
  </ItemGroup>
</Project>